// !$*UTF8*$!
{
	archiveVersion = 1;
	classes = {
	};
	objectVersion = 55;
	objects = {

/* Begin PBXBuildFile section */
		7742171E27ECFD48000FB94E /* AppDelegate.swift in Sources */ = {isa = PBXBuildFile; fileRef = 7742171D27ECFD48000FB94E /* AppDelegate.swift */; };
		7742172027ECFD48000FB94E /* SceneDelegate.swift in Sources */ = {isa = PBXBuildFile; fileRef = 7742171F27ECFD48000FB94E /* SceneDelegate.swift */; };
		7742172227ECFD48000FB94E /* ViewController.swift in Sources */ = {isa = PBXBuildFile; fileRef = 7742172127ECFD48000FB94E /* ViewController.swift */; };
		7742172527ECFD48000FB94E /* Main.storyboard in Resources */ = {isa = PBXBuildFile; fileRef = 7742172327ECFD48000FB94E /* Main.storyboard */; };
		7742172727ECFD4B000FB94E /* Assets.xcassets in Resources */ = {isa = PBXBuildFile; fileRef = 7742172627ECFD4B000FB94E /* Assets.xcassets */; };
		7742172A27ECFD4B000FB94E /* LaunchScreen.storyboard in Resources */ = {isa = PBXBuildFile; fileRef = 7742172827ECFD4B000FB94E /* LaunchScreen.storyboard */; };
		7742173227ECFD9F000FB94E /* Student.swift in Sources */ = {isa = PBXBuildFile; fileRef = 7742173127ECFD9F000FB94E /* Student.swift */; };
		7742173427ECFF84000FB94E /* LoginViewController.swift in Sources */ = {isa = PBXBuildFile; fileRef = 7742173327ECFF84000FB94E /* LoginViewController.swift */; };
		7742173627ED0109000FB94E /* StudentInfoViewControlle.swift in Sources */ = {isa = PBXBuildFile; fileRef = 7742173527ED0109000FB94E /* StudentInfoViewControlle.swift */; };
		7742173827ED07A1000FB94E /* coursedetailviewControlle.swift in Sources */ = {isa = PBXBuildFile; fileRef = 7742173727ED07A1000FB94E /* coursedetailviewControlle.swift */; };
/* End PBXBuildFile section */

/* Begin PBXFileReference section */
		7742171A27ECFD48000FB94E /* Student_mpp.app */ = {isa = PBXFileReference; explicitFileType = wrapper.application; includeInIndex = 0; path = Student_mpp.app; sourceTree = BUILT_PRODUCTS_DIR; };
		7742171D27ECFD48000FB94E /* AppDelegate.swift */ = {isa = PBXFileReference; lastKnownFileType = sourcecode.swift; path = AppDelegate.swift; sourceTree = "<group>"; };
		7742171F27ECFD48000FB94E /* SceneDelegate.swift */ = {isa = PBXFileReference; lastKnownFileType = sourcecode.swift; path = SceneDelegate.swift; sourceTree = "<group>"; };
		7742172127ECFD48000FB94E /* ViewController.swift */ = {isa = PBXFileReference; lastKnownFileType = sourcecode.swift; path = ViewController.swift; sourceTree = "<group>"; };
		7742172427ECFD48000FB94E /* Base */ = {isa = PBXFileReference; lastKnownFileType = file.storyboard; name = Base; path = Base.lproj/Main.storyboard; sourceTree = "<group>"; };
		7742172627ECFD4B000FB94E /* Assets.xcassets */ = {isa = PBXFileReference; lastKnownFileType = folder.assetcatalog; path = Assets.xcassets; sourceTree = "<group>"; };
		7742172927ECFD4B000FB94E /* Base */ = {isa = PBXFileReference; lastKnownFileType = file.storyboard; name = Base; path = Base.lproj/LaunchScreen.storyboard; sourceTree = "<group>"; };
		7742172B27ECFD4B000FB94E /* Info.plist */ = {isa = PBXFileReference; lastKnownFileType = text.plist.xml; path = Info.plist; sourceTree = "<group>"; };
		7742173127ECFD9F000FB94E /* Student.swift */ = {isa = PBXFileReference; lastKnownFileType = sourcecode.swift; path = Student.swift; sourceTree = "<group>"; };
		7742173327ECFF84000FB94E /* LoginViewController.swift */ = {isa = PBXFileReference; lastKnownFileType = sourcecode.swift; path = LoginViewController.swift; sourceTree = "<group>"; };
		7742173527ED0109000FB94E /* StudentInfoViewControlle.swift */ = {isa = PBXFileReference; lastKnownFileType = sourcecode.swift; path = StudentInfoViewControlle.swift; sourceTree = "<group>"; };
		7742173727ED07A1000FB94E /* coursedetailviewControlle.swift */ = {isa = PBXFileReference; lastKnownFileType = sourcecode.swift; path = coursedetailviewControlle.swift; sourceTree = "<group>"; };
/* End PBXFileReference section */

/* Begin PBXFrameworksBuildPhase section */
		7742171727ECFD48000FB94E /* Frameworks */ = {
			isa = PBXFrameworksBuildPhase;
			buildActionMask = 2147483647;
			files = (
			);
			runOnlyForDeploymentPostprocessing = 0;
		};
/* End PBXFrameworksBuildPhase section */

/* Begin PBXGroup section */
		7742171127ECFD48000FB94E = {
			isa = PBXGroup;
			children = (
				7742171C27ECFD48000FB94E /* Student_mpp */,
				7742171B27ECFD48000FB94E /* Products */,
			);
			sourceTree = "<group>";
		};
		7742171B27ECFD48000FB94E /* Products */ = {
			isa = PBXGroup;
			children = (
				7742171A27ECFD48000FB94E /* Student_mpp.app */,
			);
			name = Products;
			sourceTree = "<group>";
		};
		7742171C27ECFD48000FB94E /* Student_mpp */ = {
			isa = PBXGroup;
			children = (
				7742171D27ECFD48000FB94E /* AppDelegate.swift */,
				7742171F27ECFD48000FB94E /* SceneDelegate.swift */,
				7742172127ECFD48000FB94E /* ViewController.swift */,
				7742172327ECFD48000FB94E /* Main.storyboard */,
				7742172627ECFD4B000FB94E /* Assets.xcassets */,
				7742172827ECFD4B000FB94E /* LaunchScreen.storyboard */,
				7742172B27ECFD4B000FB94E /* Info.plist */,
				7742173127ECFD9F000FB94E /* Student.swift */,
				7742173327ECFF84000FB94E /* LoginViewController.swift */,
				7742173527ED0109000FB94E /* StudentInfoViewControlle.swift */,
				7742173727ED07A1000FB94E /* coursedetailviewControlle.swift */,
			);
			path = Student_mpp;
			sourceTree = "<group>";
		};
/* End PBXGroup section */

/* Begin PBXNativeTarget section */
		7742171927ECFD48000FB94E /* Student_mpp */ = {
			isa = PBXNativeTarget;
			buildConfigurationList = 7742172E27ECFD4B000FB94E /* Build configuration list for PBXNativeTarget "Student_mpp" */;
			buildPhases = (
				7742171627ECFD48000FB94E /* Sources */,
				7742171727ECFD48000FB94E /* Frameworks */,
				7742171827ECFD48000FB94E /* Resources */,
			);
			buildRules = (
			);
			dependencies = (
			);
			name = Student_mpp;
			productName = Student_mpp;
			productReference = 7742171A27ECFD48000FB94E /* Student_mpp.app */;
			productType = "com.apple.product-type.application";
		};
/* End PBXNativeTarget section */

/* Begin PBXProject section */
		7742171227ECFD48000FB94E /* Project object */ = {
			isa = PBXProject;
			attributes = {
				BuildIndependentTargetsInParallel = 1;
				LastSwiftUpdateCheck = 1320;
				LastUpgradeCheck = 1320;
				TargetAttributes = {
					7742171927ECFD48000FB94E = {
						CreatedOnToolsVersion = 13.2.1;
					};
				};
			};
			buildConfigurationList = 7742171527ECFD48000FB94E /* Build configuration list for PBXProject "Student_mpp" */;
			compatibilityVersion = "Xcode 13.0";
			developmentRegion = en;
			hasScannedForEncodings = 0;
			knownRegions = (
				en,
				Base,
			);
			mainGroup = 7742171127ECFD48000FB94E;
			productRefGroup = 7742171B27ECFD48000FB94E /* Products */;
			projectDirPath = "";
			projectRoot = "";
			targets = (
				7742171927ECFD48000FB94E /* Student_mpp */,
			);
		};
/* End PBXProject section */

/* Begin PBXResourcesBuildPhase section */
		7742171827ECFD48000FB94E /* Resources */ = {
			isa = PBXResourcesBuildPhase;
			buildActionMask = 2147483647;
			files = (
				7742172A27ECFD4B000FB94E /* LaunchScreen.storyboard in Resources */,
				7742172727ECFD4B000FB94E /* Assets.xcassets in Resources */,
				7742172527ECFD48000FB94E /* Main.storyboard in Resources */,
			);
			runOnlyForDeploymentPostprocessing = 0;
		};
/* End PBXResourcesBuildPhase section */

/* Begin PBXSourcesBuildPhase section */
		7742171627ECFD48000FB94E /* Sources */ = {
			isa = PBXSourcesBuildPhase;
			buildActionMask = 2147483647;
			files = (
				7742172227ECFD48000FB94E /* ViewController.swift in Sources */,
				7742171E27ECFD48000FB94E /* AppDelegate.swift in Sources */,
				7742172027ECFD48000FB94E /* SceneDelegate.swift in Sources */,
				7742173827ED07A1000FB94E /* coursedetailviewControlle.swift in Sources */,
				7742173427ECFF84000FB94E /* LoginViewController.swift in Sources */,
				7742173227ECFD9F000FB94E /* Student.swift in Sources */,
				7742173627ED0109000FB94E /* StudentInfoViewControlle.swift in Sources */,
			);
			runOnlyForDeploymentPostprocessing = 0;
		};
/* End PBXSourcesBuildPhase section */

/* Begin PBXVariantGroup section */
		7742172327ECFD48000FB94E /* Main.storyboard */ = {
			isa = PBXVariantGroup;
			children = (
				7742172427ECFD48000FB94E /* Base */,
			);
			name = Main.storyboard;
			sourceTree = "<group>";
		};
		7742172827ECFD4B000FB94E /* LaunchScreen.storyboard */ = {
			isa = PBXVariantGroup;
			children = (
				7742172927ECFD4B000FB94E /* Base */,
			);
			name = LaunchScreen.storyboard;
			sourceTree = "<group>";
		};
/* End PBXVariantGroup section */

/* Begin XCBuildConfiguration section */
		7742172C27ECFD4B000FB94E /* Debug */ = {
			isa = XCBuildConfiguration;
			buildSettings = {
				ALWAYS_SEARCH_USER_PATHS = NO;
				CLANG_ANALYZER_NONNULL = YES;
				CLANG_ANALYZER_NUMBER_OBJECT_CONVERSION = YES_AGGRESSIVE;
				CLANG_CXX_LANGUAGE_STANDARD = "gnu++17";
				CLANG_CXX_LIBRARY = "libc++";
				CLANG_ENABLE_MODULES = YES;
				CLANG_ENABLE_OBJC_ARC = YES;
				CLANG_ENABLE_OBJC_WEAK = YES;
				CLANG_WARN_BLOCK_CAPTURE_AUTORELEASING = YES;
				CLANG_WARN_BOOL_CONVERSION = YES;
				CLANG_WARN_COMMA = YES;
				CLANG_WARN_CONSTANT_CONVERSION = YES;
				CLANG_WARN_DEPRECATED_OBJC_IMPLEMENTATIONS = YES;
				CLANG_WARN_DIRECT_OBJC_ISA_USAGE = YES_ERROR;
				CLANG_WARN_DOCUMENTATION_COMMENTS = YES;
				CLANG_WARN_EMPTY_BODY = YES;
				CLANG_WARN_ENUM_CONVERSION = YES;
				CLANG_WARN_INFINITE_RECURSION = YES;
				CLANG_WARN_INT_CONVERSION = YES;
				CLANG_WARN_NON_LITERAL_NULL_CONVERSION = YES;
				CLANG_WARN_OBJC_IMPLICIT_RETAIN_SELF = YES;
				CLANG_WARN_OBJC_LITERAL_CONVERSION = YES;
				CLANG_WARN_OBJC_ROOT_CLASS = YES_ERROR;
				CLANG_WARN_QUOTED_INCLUDE_IN_FRAMEWORK_HEADER = YES;
				CLANG_WARN_RANGE_LOOP_ANALYSIS = YES;
				CLANG_WARN_STRICT_PROTOTYPES = YES;
				CLANG_WARN_SUSPICIOUS_MOVE = YES;
				CLANG_WARN_UNGUARDED_AVAILABILITY = YES_AGGRESSIVE;
				CLANG_WARN_UNREACHABLE_CODE = YES;
				CLANG_WARN__DUPLICATE_METHOD_MATCH = YES;
				COPY_PHASE_STRIP = NO;
				DEBUG_INFORMATION_FORMAT = dwarf;
				ENABLE_STRICT_OBJC_MSGSEND = YES;
				ENABLE_TESTABILITY = YES;
				GCC_C_LANGUAGE_STANDARD = gnu11;
				GCC_DYNAMIC_NO_PIC = NO;
				GCC_NO_COMMON_BLOCKS = YES;
				GCC_OPTIMIZATION_LEVEL = 0;
				GCC_PREPROCESSOR_DEFINITIONS = (
					"DEBUG=1",
					"$(inherited)",
				);
				GCC_WARN_64_TO_32_BIT_CONVERSION = YES;
				GCC_WARN_ABOUT_RETURN_TYPE = YES_ERROR;
				GCC_WARN_UNDECLARED_SELECTOR = YES;
				GCC_WARN_UNINITIALIZED_AUTOS = YES_AGGRESSIVE;
				GCC_WARN_UNUSED_FUNCTION = YES;
				GCC_WARN_UNUSED_VARIABLE = YES;
				IPHONEOS_DEPLOYMENT_TARGET = 15.2;
				MTL_ENABLE_DEBUG_INFO = INCLUDE_SOURCE;
				MTL_FAST_MATH = YES;
				ONLY_ACTIVE_ARCH = YES;
				SDKROOT = iphoneos;
				SWIFT_ACTIVE_COMPILATION_CONDITIONS = DEBUG;
				SWIFT_OPTIMIZATION_LEVEL = "-Onone";
			};
			name = Debug;
		};
		7742172D27ECFD4B000FB94E /* Release */ = {
			isa = XCBuildConfiguration;
			buildSettings = {
				ALWAYS_SEARCH_USER_PATHS = NO;
				CLANG_ANALYZER_NONNULL = YES;
				CLANG_ANALYZER_NUMBER_OBJECT_CONVERSION = YES_AGGRESSIVE;
				CLANG_CXX_LANGUAGE_STANDARD = "gnu++17";
				CLANG_CXX_LIBRARY = "libc++";
				CLANG_ENABLE_MODULES = YES;
				CLANG_ENABLE_OBJC_ARC = YES;
				CLANG_ENABLE_OBJC_WEAK = YES;
				CLANG_WARN_BLOCK_CAPTURE_AUTORELEASING = YES;
				CLANG_WARN_BOOL_CONVERSION = YES;
				CLANG_WARN_COMMA = YES;
				CLANG_WARN_CONSTANT_CONVERSION = YES;
				CLANG_WARN_DEPRECATED_OBJC_IMPLEMENTATIONS = YES;
				CLANG_WARN_DIRECT_OBJC_ISA_USAGE = YES_ERROR;
				CLANG_WARN_DOCUMENTATION_COMMENTS = YES;
				CLANG_WARN_EMPTY_BODY = YES;
				CLANG_WARN_ENUM_CONVERSION = YES;
				CLANG_WARN_INFINITE_RECURSION = YES;
				CLANG_WARN_INT_CONVERSION = YES;
				CLANG_WARN_NON_LITERAL_NULL_CONVERSION = YES;
				CLANG_WARN_OBJC_IMPLICIT_RETAIN_SELF = YES;
				CLANG_WARN_OBJC_LITERAL_CONVERSION = YES;
				CLANG_WARN_OBJC_ROOT_CLASS = YES_ERROR;
				CLANG_WARN_QUOTED_INCLUDE_IN_FRAMEWORK_HEADER = YES;
				CLANG_WARN_RANGE_LOOP_ANALYSIS = YES;
				CLANG_WARN_STRICT_PROTOTYPES = YES;
				CLANG_WARN_SUSPICIOUS_MOVE = YES;
				CLANG_WARN_UNGUARDED_AVAILABILITY = YES_AGGRESSIVE;
				CLANG_WARN_UNREACHABLE_CODE = YES;
				CLANG_WARN__DUPLICATE_METHOD_MATCH = YES;
				COPY_PHASE_STRIP = NO;
				DEBUG_INFORMATION_FORMAT = "dwarf-with-dsym";
				ENABLE_NS_ASSERTIONS = NO;
				ENABLE_STRICT_OBJC_MSGSEND = YES;
				GCC_C_LANGUAGE_STANDARD = gnu11;
				GCC_NO_COMMON_BLOCKS = YES;
				GCC_WARN_64_TO_32_BIT_CONVERSION = YES;
				GCC_WARN_ABOUT_RETURN_TYPE = YES_ERROR;
				GCC_WARN_UNDECLARED_SELECTOR = YES;
				GCC_WARN_UNINITIALIZED_AUTOS = YES_AGGRESSIVE;
				GCC_WARN_UNUSED_FUNCTION = YES;
				GCC_WARN_UNUSED_VARIABLE = YES;
				IPHONEOS_DEPLOYMENT_TARGET = 15.2;
				MTL_ENABLE_DEBUG_INFO = NO;
				MTL_FAST_MATH = YES;
				SDKROOT = iphoneos;
				SWIFT_COMPILATION_MODE = wholemodule;
				SWIFT_OPTIMIZATION_LEVEL = "-O";
				VALIDATE_PRODUCT = YES;
			};
			name = Release;
		};
		7742172F27ECFD4B000FB94E /* Debug */ = {
			isa = XCBuildConfiguration;
			buildSettings = {
				ASSETCATALOG_COMPILER_APPICON_NAME = AppIcon;
				ASSETCATALOG_COMPILER_GLOBAL_ACCENT_COLOR_NAME = AccentColor;
				CODE_SIGN_STYLE = Automatic;
				CURRENT_PROJECT_VERSION = 1;
				GENERATE_INFOPLIST_FILE = YES;
				INFOPLIST_FILE = Student_mpp/Info.plist;
				INFOPLIST_KEY_CFBundleDisplayName = Student_mpp;
				INFOPLIST_KEY_UIApplicationSupportsIndirectInputEvents = YES;
				INFOPLIST_KEY_UILaunchStoryboardName = LaunchScreen;
				INFOPLIST_KEY_UIMainStoryboardFile = Main;
				INFOPLIST_KEY_UISupportedInterfaceOrientations_iPad = "UIInterfaceOrientationPortrait UIInterfaceOrientationPortraitUpsideDown UIInterfaceOrientationLandscapeLeft UIInterfaceOrientationLandscapeRight";
				INFOPLIST_KEY_UISupportedInterfaceOrientations_iPhone = "UIInterfaceOrientationPortrait UIInterfaceOrientationLandscapeLeft UIInterfaceOrientationLandscapeRight";
				LD_RUNPATH_SEARCH_PATHS = (
					"$(inherited)",
					"@executable_path/Frameworks",
				);
				MARKETING_VERSION = 1.0;
				PRODUCT_BUNDLE_IDENTIFIER = "nwms.Student-mpp";
				PRODUCT_NAME = "$(TARGET_NAME)";
				SWIFT_EMIT_LOC_STRINGS = YES;
				SWIFT_VERSION = 5.0;
				TARGETED_DEVICE_FAMILY = "1,2";
			};
			name = Debug;
		};
		7742173027ECFD4B000FB94E /* Release */ = {
			isa = XCBuildConfiguration;
			buildSettings = {
				ASSETCATALOG_COMPILER_APPICON_NAME = AppIcon;
				ASSETCATALOG_COMPILER_GLOBAL_ACCENT_COLOR_NAME = AccentColor;
				CODE_SIGN_STYLE = Automatic;
				CURRENT_PROJECT_VERSION = 1;
				GENERATE_INFOPLIST_FILE = YES;
				INFOPLIST_FILE = Student_mpp/Info.plist;
				INFOPLIST_KEY_CFBundleDisplayName = Student_mpp;
				INFOPLIST_KEY_UIApplicationSupportsIndirectInputEvents = YES;
				INFOPLIST_KEY_UILaunchStoryboardName = LaunchScreen;
				INFOPLIST_KEY_UIMainStoryboardFile = Main;
				INFOPLIST_KEY_UISupportedInterfaceOrientations_iPad = "UIInterfaceOrientationPortrait UIInterfaceOrientationPortraitUpsideDown UIInterfaceOrientationLandscapeLeft UIInterfaceOrientationLandscapeRight";
				INFOPLIST_KEY_UISupportedInterfaceOrientations_iPhone = "UIInterfaceOrientationPortrait UIInterfaceOrientationLandscapeLeft UIInterfaceOrientationLandscapeRight";
				LD_RUNPATH_SEARCH_PATHS = (
					"$(inherited)",
					"@executable_path/Frameworks",
				);
				MARKETING_VERSION = 1.0;
				PRODUCT_BUNDLE_IDENTIFIER = "nwms.Student-mpp";
				PRODUCT_NAME = "$(TARGET_NAME)";
				SWIFT_EMIT_LOC_STRINGS = YES;
				SWIFT_VERSION = 5.0;
				TARGETED_DEVICE_FAMILY = "1,2";
			};
			name = Release;
		};
/* End XCBuildConfiguration section */

/* Begin XCConfigurationList section */
		7742171527ECFD48000FB94E /* Build configuration list for PBXProject "Student_mpp" */ = {
			isa = XCConfigurationList;
			buildConfigurations = (
				7742172C27ECFD4B000FB94E /* Debug */,
				7742172D27ECFD4B000FB94E /* Release */,
			);
			defaultConfigurationIsVisible = 0;
			defaultConfigurationName = Release;
		};
		7742172E27ECFD4B000FB94E /* Build configuration list for PBXNativeTarget "Student_mpp" */ = {
			isa = XCConfigurationList;
			buildConfigurations = (
				7742172F27ECFD4B000FB94E /* Debug */,
				7742173027ECFD4B000FB94E /* Release */,
			);
			defaultConfigurationIsVisible = 0;
			defaultConfigurationName = Release;
		};
/* End XCConfigurationList section */
	};
	rootObject = 7742171227ECFD48000FB94E /* Project object */;
}
